// !$*UTF8*$!
{
	archiveVersion = 1;
	classes = {
	};
	objectVersion = 51;
	objects = {

/* Begin PBXBuildFile section */
		0F739A2C686D31122283BE78 /* Pods_MobileUpGallery.framework in Frameworks */ = {isa = PBXBuildFile; fileRef = 62D2E4585F419D5816C26347 /* Pods_MobileUpGallery.framework */; };
		C537A85526B8872D00C9DC56 /* AppDelegate.swift in Sources */ = {isa = PBXBuildFile; fileRef = C537A85426B8872D00C9DC56 /* AppDelegate.swift */; };
		C537A85926B8872D00C9DC56 /* StartViewController.swift in Sources */ = {isa = PBXBuildFile; fileRef = C537A85826B8872D00C9DC56 /* StartViewController.swift */; };
		C537A85E26B8872F00C9DC56 /* Assets.xcassets in Resources */ = {isa = PBXBuildFile; fileRef = C537A85D26B8872F00C9DC56 /* Assets.xcassets */; };
		C537A86926B9541E00C9DC56 /* LaunchScreen.xib in Resources */ = {isa = PBXBuildFile; fileRef = C537A86826B9541E00C9DC56 /* LaunchScreen.xib */; };
		C537A86C26B955D900C9DC56 /* StartViewController.xib in Resources */ = {isa = PBXBuildFile; fileRef = C537A86B26B955D900C9DC56 /* StartViewController.xib */; };
		C5C268CA26BA1BA200A29111 /* VKDelegate.swift in Sources */ = {isa = PBXBuildFile; fileRef = C5C268C926BA1BA200A29111 /* VKDelegate.swift */; };
		C5C268DC26BB50DF00A29111 /* GalleryViewController.swift in Sources */ = {isa = PBXBuildFile; fileRef = C5C268DA26BB50DF00A29111 /* GalleryViewController.swift */; };
		C5C268DF26BB571900A29111 /* GalleryCollectionViewCell.swift in Sources */ = {isa = PBXBuildFile; fileRef = C5C268DE26BB571900A29111 /* GalleryCollectionViewCell.swift */; };
		C5C268E126BB5BFA00A29111 /* GalleryViewController.xib in Resources */ = {isa = PBXBuildFile; fileRef = C5C268E026BB5BFA00A29111 /* GalleryViewController.xib */; };
/* End PBXBuildFile section */

/* Begin PBXFileReference section */
		4A49844355B1B1722468C14E /* Pods-MobileUpGallery.release.xcconfig */ = {isa = PBXFileReference; includeInIndex = 1; lastKnownFileType = text.xcconfig; name = "Pods-MobileUpGallery.release.xcconfig"; path = "Target Support Files/Pods-MobileUpGallery/Pods-MobileUpGallery.release.xcconfig"; sourceTree = "<group>"; };
		62D2E4585F419D5816C26347 /* Pods_MobileUpGallery.framework */ = {isa = PBXFileReference; explicitFileType = wrapper.framework; includeInIndex = 0; path = Pods_MobileUpGallery.framework; sourceTree = BUILT_PRODUCTS_DIR; };
		C537A85126B8872D00C9DC56 /* MobileUpGallery.app */ = {isa = PBXFileReference; explicitFileType = wrapper.application; includeInIndex = 0; path = MobileUpGallery.app; sourceTree = BUILT_PRODUCTS_DIR; };
		C537A85426B8872D00C9DC56 /* AppDelegate.swift */ = {isa = PBXFileReference; lastKnownFileType = sourcecode.swift; path = AppDelegate.swift; sourceTree = "<group>"; };
		C537A85826B8872D00C9DC56 /* StartViewController.swift */ = {isa = PBXFileReference; lastKnownFileType = sourcecode.swift; path = StartViewController.swift; sourceTree = "<group>"; };
		C537A85D26B8872F00C9DC56 /* Assets.xcassets */ = {isa = PBXFileReference; lastKnownFileType = folder.assetcatalog; path = Assets.xcassets; sourceTree = "<group>"; };
		C537A86226B8872F00C9DC56 /* Info.plist */ = {isa = PBXFileReference; lastKnownFileType = text.plist.xml; path = Info.plist; sourceTree = "<group>"; };
		C537A86826B9541E00C9DC56 /* LaunchScreen.xib */ = {isa = PBXFileReference; lastKnownFileType = file.xib; path = LaunchScreen.xib; sourceTree = "<group>"; };
		C537A86B26B955D900C9DC56 /* StartViewController.xib */ = {isa = PBXFileReference; lastKnownFileType = file.xib; path = StartViewController.xib; sourceTree = "<group>"; };
		C5C268C926BA1BA200A29111 /* VKDelegate.swift */ = {isa = PBXFileReference; lastKnownFileType = sourcecode.swift; path = VKDelegate.swift; sourceTree = "<group>"; };
		C5C268DA26BB50DF00A29111 /* GalleryViewController.swift */ = {isa = PBXFileReference; lastKnownFileType = sourcecode.swift; path = GalleryViewController.swift; sourceTree = "<group>"; };
		C5C268DE26BB571900A29111 /* GalleryCollectionViewCell.swift */ = {isa = PBXFileReference; lastKnownFileType = sourcecode.swift; path = GalleryCollectionViewCell.swift; sourceTree = "<group>"; };
		C5C268E026BB5BFA00A29111 /* GalleryViewController.xib */ = {isa = PBXFileReference; lastKnownFileType = file.xib; path = GalleryViewController.xib; sourceTree = "<group>"; };
		E01DDDE5C68940F666072942 /* Pods-MobileUpGallery.debug.xcconfig */ = {isa = PBXFileReference; includeInIndex = 1; lastKnownFileType = text.xcconfig; name = "Pods-MobileUpGallery.debug.xcconfig"; path = "Target Support Files/Pods-MobileUpGallery/Pods-MobileUpGallery.debug.xcconfig"; sourceTree = "<group>"; };
/* End PBXFileReference section */

/* Begin PBXFrameworksBuildPhase section */
		C537A84E26B8872C00C9DC56 /* Frameworks */ = {
			isa = PBXFrameworksBuildPhase;
			buildActionMask = 2147483647;
			files = (
				0F739A2C686D31122283BE78 /* Pods_MobileUpGallery.framework in Frameworks */,
			);
			runOnlyForDeploymentPostprocessing = 0;
		};
/* End PBXFrameworksBuildPhase section */

/* Begin PBXGroup section */
		7D8234E90E5FB6F64131B140 /* Pods */ = {
			isa = PBXGroup;
			children = (
				E01DDDE5C68940F666072942 /* Pods-MobileUpGallery.debug.xcconfig */,
				4A49844355B1B1722468C14E /* Pods-MobileUpGallery.release.xcconfig */,
			);
			path = Pods;
			sourceTree = "<group>";
		};
		987F1E87DE48E9F9A7C7AA92 /* Frameworks */ = {
			isa = PBXGroup;
			children = (
				62D2E4585F419D5816C26347 /* Pods_MobileUpGallery.framework */,
			);
			name = Frameworks;
			sourceTree = "<group>";
		};
		C537A84826B8872C00C9DC56 = {
			isa = PBXGroup;
			children = (
				C537A85326B8872D00C9DC56 /* MobileUpGallery */,
				C537A85226B8872D00C9DC56 /* Products */,
				7D8234E90E5FB6F64131B140 /* Pods */,
				987F1E87DE48E9F9A7C7AA92 /* Frameworks */,
			);
			sourceTree = "<group>";
		};
		C537A85226B8872D00C9DC56 /* Products */ = {
			isa = PBXGroup;
			children = (
				C537A85126B8872D00C9DC56 /* MobileUpGallery.app */,
			);
			name = Products;
			sourceTree = "<group>";
		};
		C537A85326B8872D00C9DC56 /* MobileUpGallery */ = {
			isa = PBXGroup;
			children = (
				C537A85426B8872D00C9DC56 /* AppDelegate.swift */,
				C5C268D926BB4F0900A29111 /* Gallery */,
				C5C2687B26B982E200A29111 /* Start */,
				C537A85D26B8872F00C9DC56 /* Assets.xcassets */,
				C537A86226B8872F00C9DC56 /* Info.plist */,
				C537A86826B9541E00C9DC56 /* LaunchScreen.xib */,
				C5C268C926BA1BA200A29111 /* VKDelegate.swift */,
			);
			path = MobileUpGallery;
			sourceTree = "<group>";
		};
		C5C2687B26B982E200A29111 /* Start */ = {
			isa = PBXGroup;
			children = (
				C537A85826B8872D00C9DC56 /* StartViewController.swift */,
				C537A86B26B955D900C9DC56 /* StartViewController.xib */,
			);
			path = Start;
			sourceTree = "<group>";
		};
		C5C268D926BB4F0900A29111 /* Gallery */ = {
			isa = PBXGroup;
			children = (
				C5C268DA26BB50DF00A29111 /* GalleryViewController.swift */,
				C5C268E026BB5BFA00A29111 /* GalleryViewController.xib */,
				C5C268DE26BB571900A29111 /* GalleryCollectionViewCell.swift */,
			);
			path = Gallery;
			sourceTree = "<group>";
		};
/* End PBXGroup section */

/* Begin PBXNativeTarget section */
		C537A85026B8872C00C9DC56 /* MobileUpGallery */ = {
			isa = PBXNativeTarget;
			buildConfigurationList = C537A86526B8872F00C9DC56 /* Build configuration list for PBXNativeTarget "MobileUpGallery" */;
			buildPhases = (
				6763CCEA5D86177E4C47E845 /* [CP] Check Pods Manifest.lock */,
				C537A84D26B8872C00C9DC56 /* Sources */,
				C537A84E26B8872C00C9DC56 /* Frameworks */,
				C537A84F26B8872C00C9DC56 /* Resources */,
				4C7E1D3B03F9A5EA9F241E20 /* [CP] Embed Pods Frameworks */,
			);
			buildRules = (
			);
			dependencies = (
			);
			name = MobileUpGallery;
			productName = MobileUpGallery;
			productReference = C537A85126B8872D00C9DC56 /* MobileUpGallery.app */;
			productType = "com.apple.product-type.application";
		};
/* End PBXNativeTarget section */

/* Begin PBXProject section */
		C537A84926B8872C00C9DC56 /* Project object */ = {
			isa = PBXProject;
			attributes = {
				LastSwiftUpdateCheck = 1250;
				LastUpgradeCheck = 1250;
				TargetAttributes = {
					C537A85026B8872C00C9DC56 = {
						CreatedOnToolsVersion = 12.5.1;
					};
				};
			};
			buildConfigurationList = C537A84C26B8872C00C9DC56 /* Build configuration list for PBXProject "MobileUpGallery" */;
			compatibilityVersion = "Xcode 9.3";
			developmentRegion = en;
			hasScannedForEncodings = 0;
			knownRegions = (
				en,
				Base,
			);
			mainGroup = C537A84826B8872C00C9DC56;
			productRefGroup = C537A85226B8872D00C9DC56 /* Products */;
			projectDirPath = "";
			projectRoot = "";
			targets = (
				C537A85026B8872C00C9DC56 /* MobileUpGallery */,
			);
		};
/* End PBXProject section */

/* Begin PBXResourcesBuildPhase section */
		C537A84F26B8872C00C9DC56 /* Resources */ = {
			isa = PBXResourcesBuildPhase;
			buildActionMask = 2147483647;
			files = (
				C537A86C26B955D900C9DC56 /* StartViewController.xib in Resources */,
				C5C268E126BB5BFA00A29111 /* GalleryViewController.xib in Resources */,
				C537A86926B9541E00C9DC56 /* LaunchScreen.xib in Resources */,
				C537A85E26B8872F00C9DC56 /* Assets.xcassets in Resources */,
			);
			runOnlyForDeploymentPostprocessing = 0;
		};
/* End PBXResourcesBuildPhase section */

/* Begin PBXShellScriptBuildPhase section */
		4C7E1D3B03F9A5EA9F241E20 /* [CP] Embed Pods Frameworks */ = {
			isa = PBXShellScriptBuildPhase;
			buildActionMask = 2147483647;
			files = (
			);
			inputFileListPaths = (
				"${PODS_ROOT}/Target Support Files/Pods-MobileUpGallery/Pods-MobileUpGallery-frameworks-${CONFIGURATION}-input-files.xcfilelist",
			);
			name = "[CP] Embed Pods Frameworks";
			outputFileListPaths = (
				"${PODS_ROOT}/Target Support Files/Pods-MobileUpGallery/Pods-MobileUpGallery-frameworks-${CONFIGURATION}-output-files.xcfilelist",
			);
			runOnlyForDeploymentPostprocessing = 0;
			shellPath = /bin/sh;
			shellScript = "\"${PODS_ROOT}/Target Support Files/Pods-MobileUpGallery/Pods-MobileUpGallery-frameworks.sh\"\n";
			showEnvVarsInLog = 0;
		};
		6763CCEA5D86177E4C47E845 /* [CP] Check Pods Manifest.lock */ = {
			isa = PBXShellScriptBuildPhase;
			buildActionMask = 2147483647;
			files = (
			);
			inputFileListPaths = (
			);
			inputPaths = (
				"${PODS_PODFILE_DIR_PATH}/Podfile.lock",
				"${PODS_ROOT}/Manifest.lock",
			);
			name = "[CP] Check Pods Manifest.lock";
			outputFileListPaths = (
			);
			outputPaths = (
				"$(DERIVED_FILE_DIR)/Pods-MobileUpGallery-checkManifestLockResult.txt",
			);
			runOnlyForDeploymentPostprocessing = 0;
			shellPath = /bin/sh;
			shellScript = "diff \"${PODS_PODFILE_DIR_PATH}/Podfile.lock\" \"${PODS_ROOT}/Manifest.lock\" > /dev/null\nif [ $? != 0 ] ; then\n    # print error to STDERR\n    echo \"error: The sandbox is not in sync with the Podfile.lock. Run 'pod install' or update your CocoaPods installation.\" >&2\n    exit 1\nfi\n# This output is used by Xcode 'outputs' to avoid re-running this script phase.\necho \"SUCCESS\" > \"${SCRIPT_OUTPUT_FILE_0}\"\n";
			showEnvVarsInLog = 0;
		};
/* End PBXShellScriptBuildPhase section */

/* Begin PBXSourcesBuildPhase section */
		C537A84D26B8872C00C9DC56 /* Sources */ = {
			isa = PBXSourcesBuildPhase;
			buildActionMask = 2147483647;
			files = (
				C537A85926B8872D00C9DC56 /* StartViewController.swift in Sources */,
				C5C268DF26BB571900A29111 /* GalleryCollectionViewCell.swift in Sources */,
				C5C268DC26BB50DF00A29111 /* GalleryViewController.swift in Sources */,
				C537A85526B8872D00C9DC56 /* AppDelegate.swift in Sources */,
				C5C268CA26BA1BA200A29111 /* VKDelegate.swift in Sources */,
			);
			runOnlyForDeploymentPostprocessing = 0;
		};
/* End PBXSourcesBuildPhase section */

/* Begin XCBuildConfiguration section */
		C537A86326B8872F00C9DC56 /* Debug */ = {
			isa = XCBuildConfiguration;
			buildSettings = {
				ALWAYS_SEARCH_USER_PATHS = NO;
				CLANG_ANALYZER_NONNULL = YES;
				CLANG_ANALYZER_NUMBER_OBJECT_CONVERSION = YES_AGGRESSIVE;
				CLANG_CXX_LANGUAGE_STANDARD = "gnu++14";
				CLANG_CXX_LIBRARY = "libc++";
				CLANG_ENABLE_MODULES = YES;
				CLANG_ENABLE_OBJC_ARC = YES;
				CLANG_ENABLE_OBJC_WEAK = YES;
				CLANG_WARN_BLOCK_CAPTURE_AUTORELEASING = YES;
				CLANG_WARN_BOOL_CONVERSION = YES;
				CLANG_WARN_COMMA = YES;
				CLANG_WARN_CONSTANT_CONVERSION = YES;
				CLANG_WARN_DEPRECATED_OBJC_IMPLEMENTATIONS = YES;
				CLANG_WARN_DIRECT_OBJC_ISA_USAGE = YES_ERROR;
				CLANG_WARN_DOCUMENTATION_COMMENTS = YES;
				CLANG_WARN_EMPTY_BODY = YES;
				CLANG_WARN_ENUM_CONVERSION = YES;
				CLANG_WARN_INFINITE_RECURSION = YES;
				CLANG_WARN_INT_CONVERSION = YES;
				CLANG_WARN_NON_LITERAL_NULL_CONVERSION = YES;
				CLANG_WARN_OBJC_IMPLICIT_RETAIN_SELF = YES;
				CLANG_WARN_OBJC_LITERAL_CONVERSION = YES;
				CLANG_WARN_OBJC_ROOT_CLASS = YES_ERROR;
				CLANG_WARN_QUOTED_INCLUDE_IN_FRAMEWORK_HEADER = YES;
				CLANG_WARN_RANGE_LOOP_ANALYSIS = YES;
				CLANG_WARN_STRICT_PROTOTYPES = YES;
				CLANG_WARN_SUSPICIOUS_MOVE = YES;
				CLANG_WARN_UNGUARDED_AVAILABILITY = YES_AGGRESSIVE;
				CLANG_WARN_UNREACHABLE_CODE = YES;
				CLANG_WARN__DUPLICATE_METHOD_MATCH = YES;
				COPY_PHASE_STRIP = NO;
				DEBUG_INFORMATION_FORMAT = dwarf;
				ENABLE_STRICT_OBJC_MSGSEND = YES;
				ENABLE_TESTABILITY = YES;
				GCC_C_LANGUAGE_STANDARD = gnu11;
				GCC_DYNAMIC_NO_PIC = NO;
				GCC_NO_COMMON_BLOCKS = YES;
				GCC_OPTIMIZATION_LEVEL = 0;
				GCC_PREPROCESSOR_DEFINITIONS = (
					"DEBUG=1",
					"$(inherited)",
				);
				GCC_WARN_64_TO_32_BIT_CONVERSION = YES;
				GCC_WARN_ABOUT_RETURN_TYPE = YES_ERROR;
				GCC_WARN_UNDECLARED_SELECTOR = YES;
				GCC_WARN_UNINITIALIZED_AUTOS = YES_AGGRESSIVE;
				GCC_WARN_UNUSED_FUNCTION = YES;
				GCC_WARN_UNUSED_VARIABLE = YES;
				IPHONEOS_DEPLOYMENT_TARGET = 14.5;
				MTL_ENABLE_DEBUG_INFO = INCLUDE_SOURCE;
				MTL_FAST_MATH = YES;
				ONLY_ACTIVE_ARCH = YES;
				SDKROOT = iphoneos;
				SWIFT_ACTIVE_COMPILATION_CONDITIONS = DEBUG;
				SWIFT_OPTIMIZATION_LEVEL = "-Onone";
			};
			name = Debug;
		};
		C537A86426B8872F00C9DC56 /* Release */ = {
			isa = XCBuildConfiguration;
			buildSettings = {
				ALWAYS_SEARCH_USER_PATHS = NO;
				CLANG_ANALYZER_NONNULL = YES;
				CLANG_ANALYZER_NUMBER_OBJECT_CONVERSION = YES_AGGRESSIVE;
				CLANG_CXX_LANGUAGE_STANDARD = "gnu++14";
				CLANG_CXX_LIBRARY = "libc++";
				CLANG_ENABLE_MODULES = YES;
				CLANG_ENABLE_OBJC_ARC = YES;
				CLANG_ENABLE_OBJC_WEAK = YES;
				CLANG_WARN_BLOCK_CAPTURE_AUTORELEASING = YES;
				CLANG_WARN_BOOL_CONVERSION = YES;
				CLANG_WARN_COMMA = YES;
				CLANG_WARN_CONSTANT_CONVERSION = YES;
				CLANG_WARN_DEPRECATED_OBJC_IMPLEMENTATIONS = YES;
				CLANG_WARN_DIRECT_OBJC_ISA_USAGE = YES_ERROR;
				CLANG_WARN_DOCUMENTATION_COMMENTS = YES;
				CLANG_WARN_EMPTY_BODY = YES;
				CLANG_WARN_ENUM_CONVERSION = YES;
				CLANG_WARN_INFINITE_RECURSION = YES;
				CLANG_WARN_INT_CONVERSION = YES;
				CLANG_WARN_NON_LITERAL_NULL_CONVERSION = YES;
				CLANG_WARN_OBJC_IMPLICIT_RETAIN_SELF = YES;
				CLANG_WARN_OBJC_LITERAL_CONVERSION = YES;
				CLANG_WARN_OBJC_ROOT_CLASS = YES_ERROR;
				CLANG_WARN_QUOTED_INCLUDE_IN_FRAMEWORK_HEADER = YES;
				CLANG_WARN_RANGE_LOOP_ANALYSIS = YES;
				CLANG_WARN_STRICT_PROTOTYPES = YES;
				CLANG_WARN_SUSPICIOUS_MOVE = YES;
				CLANG_WARN_UNGUARDED_AVAILABILITY = YES_AGGRESSIVE;
				CLANG_WARN_UNREACHABLE_CODE = YES;
				CLANG_WARN__DUPLICATE_METHOD_MATCH = YES;
				COPY_PHASE_STRIP = NO;
				DEBUG_INFORMATION_FORMAT = "dwarf-with-dsym";
				ENABLE_NS_ASSERTIONS = NO;
				ENABLE_STRICT_OBJC_MSGSEND = YES;
				GCC_C_LANGUAGE_STANDARD = gnu11;
				GCC_NO_COMMON_BLOCKS = YES;
				GCC_WARN_64_TO_32_BIT_CONVERSION = YES;
				GCC_WARN_ABOUT_RETURN_TYPE = YES_ERROR;
				GCC_WARN_UNDECLARED_SELECTOR = YES;
				GCC_WARN_UNINITIALIZED_AUTOS = YES_AGGRESSIVE;
				GCC_WARN_UNUSED_FUNCTION = YES;
				GCC_WARN_UNUSED_VARIABLE = YES;
				IPHONEOS_DEPLOYMENT_TARGET = 14.5;
				MTL_ENABLE_DEBUG_INFO = NO;
				MTL_FAST_MATH = YES;
				SDKROOT = iphoneos;
				SWIFT_COMPILATION_MODE = wholemodule;
				SWIFT_OPTIMIZATION_LEVEL = "-O";
				VALIDATE_PRODUCT = YES;
			};
			name = Release;
		};
		C537A86626B8872F00C9DC56 /* Debug */ = {
			isa = XCBuildConfiguration;
			baseConfigurationReference = E01DDDE5C68940F666072942 /* Pods-MobileUpGallery.debug.xcconfig */;
			buildSettings = {
				ASSETCATALOG_COMPILER_APPICON_NAME = AppIcon;
				ASSETCATALOG_COMPILER_GLOBAL_ACCENT_COLOR_NAME = AccentColor;
				CODE_SIGN_STYLE = Automatic;
				DEVELOPMENT_TEAM = 52TSGWFG39;
				INFOPLIST_FILE = MobileUpGallery/Info.plist;
				IPHONEOS_DEPLOYMENT_TARGET = 13.0;
				LD_RUNPATH_SEARCH_PATHS = (
					"$(inherited)",
					"@executable_path/Frameworks",
				);
				PRODUCT_BUNDLE_IDENTIFIER = ru.komarov.MobileUpGallery;
				PRODUCT_NAME = "$(TARGET_NAME)";
				SWIFT_VERSION = 5.0;
				TARGETED_DEVICE_FAMILY = 1;
			};
			name = Debug;
		};
		C537A86726B8872F00C9DC56 /* Release */ = {
			isa = XCBuildConfiguration;
			baseConfigurationReference = 4A49844355B1B1722468C14E /* Pods-MobileUpGallery.release.xcconfig */;
			buildSettings = {
				ASSETCATALOG_COMPILER_APPICON_NAME = AppIcon;
				ASSETCATALOG_COMPILER_GLOBAL_ACCENT_COLOR_NAME = AccentColor;
				CODE_SIGN_STYLE = Automatic;
				DEVELOPMENT_TEAM = 52TSGWFG39;
				INFOPLIST_FILE = MobileUpGallery/Info.plist;
				IPHONEOS_DEPLOYMENT_TARGET = 13.0;
				LD_RUNPATH_SEARCH_PATHS = (
					"$(inherited)",
					"@executable_path/Frameworks",
				);
				PRODUCT_BUNDLE_IDENTIFIER = ru.komarov.MobileUpGallery;
				PRODUCT_NAME = "$(TARGET_NAME)";
				SWIFT_VERSION = 5.0;
				TARGETED_DEVICE_FAMILY = 1;
			};
			name = Release;
		};
/* End XCBuildConfiguration section */

/* Begin XCConfigurationList section */
		C537A84C26B8872C00C9DC56 /* Build configuration list for PBXProject "MobileUpGallery" */ = {
			isa = XCConfigurationList;
			buildConfigurations = (
				C537A86326B8872F00C9DC56 /* Debug */,
				C537A86426B8872F00C9DC56 /* Release */,
			);
			defaultConfigurationIsVisible = 0;
			defaultConfigurationName = Release;
		};
		C537A86526B8872F00C9DC56 /* Build configuration list for PBXNativeTarget "MobileUpGallery" */ = {
			isa = XCConfigurationList;
			buildConfigurations = (
				C537A86626B8872F00C9DC56 /* Debug */,
				C537A86726B8872F00C9DC56 /* Release */,
			);
			defaultConfigurationIsVisible = 0;
			defaultConfigurationName = Release;
		};
/* End XCConfigurationList section */
	};
	rootObject = C537A84926B8872C00C9DC56 /* Project object */;
}
